
Microsoft Visual Studio Solution File, Format Version 12.00
# Visual Studio Version 17
VisualStudioVersion = 17.11.35303.130
MinimumVisualStudioVersion = 10.0.40219.1
Project("{FAE04EC0-301F-11D3-BF4B-00C04F79EFBC}") = "Invetory-for-home-WEB-API.ver", "Invetory-for-home-WEB-API.ver.csproj", "{E2D9E680-D3BA-46B2-B654-1CBAF042CC5E}"
EndProject
Global
	GlobalSection(SolutionConfigurationPlatforms) = preSolution
		Debug|Any CPU = Debug|Any CPU
		Release|Any CPU = Release|Any CPU
	EndGlobalSection
	GlobalSection(ProjectConfigurationPlatforms) = postSolution
		{E2D9E680-D3BA-46B2-B654-1CBAF042CC5E}.Debug|Any CPU.ActiveCfg = Debug|Any CPU
		{E2D9E680-D3BA-46B2-B654-1CBAF042CC5E}.Debug|Any CPU.Build.0 = Debug|Any CPU
		{E2D9E680-D3BA-46B2-B654-1CBAF042CC5E}.Release|Any CPU.ActiveCfg = Release|Any CPU
		{E2D9E680-D3BA-46B2-B654-1CBAF042CC5E}.Release|Any CPU.Build.0 = Release|Any CPU
	EndGlobalSection
	GlobalSection(SolutionProperties) = preSolution
		HideSolutionNode = FALSE
	EndGlobalSection
	GlobalSection(ExtensibilityGlobals) = postSolution
		SolutionGuid = {896B93A0-E8FB-44CC-8820-F7CD844E9444}
	EndGlobalSection
EndGlobal
